# THIS IS AN AUTOGENERATED FILE. DO NOT EDIT THIS FILE DIRECTLY.
# yarn lockfile v1


accepts@^1.3.5:
  version "1.3.5"
  resolved "https://registry.yarnpkg.com/accepts/-/accepts-1.3.5.tgz#eb777df6011723a3b14e8a72c0805c8e86746bd2"
  integrity sha1-63d99gEXI6OxTopywIBcjoZ0a9I=
  dependencies:
    mime-types "~2.1.18"
    negotiator "0.6.1"

any-promise@^1.0.0, any-promise@^1.1.0:
  version "1.3.0"
  resolved "https://registry.yarnpkg.com/any-promise/-/any-promise-1.3.0.tgz#abc6afeedcea52e809cdc0376aed3ce39635d17f"
  integrity sha1-q8av7tzqUugJzcA3au0845Y10X8=

async@2.6.1:
  version "2.6.1"
  resolved "https://registry.yarnpkg.com/async/-/async-2.6.1.tgz#b245a23ca71930044ec53fa46aa00a3e87c6a610"
  integrity sha512-fNEiL2+AZt6AlAw/29Cr0UDe4sRAHCpEHh54WMz+Bb7QfNcFw4h3loofyJpLeQs4Yx7yuqu/2dLgM5hKOs6HlQ==
  dependencies:
    lodash "^4.17.10"

balanced-match@^1.0.0:
  version "1.0.0"
  resolved "https://registry.yarnpkg.com/balanced-match/-/balanced-match-1.0.0.tgz#89b4d199ab2bee49de164ea02b89ce462d71b767"
  integrity sha1-ibTRmasr7kneFk6gK4nORi1xt2c=

bluebird@3.5.1:
  version "3.5.1"
  resolved "https://registry.yarnpkg.com/bluebird/-/bluebird-3.5.1.tgz#d9551f9de98f1fcda1e683d17ee91a0602ee2eb9"
  integrity sha512-MKiLiV+I1AA596t9w1sQJ8jkiSr5+ZKi0WKrYGUn6d1Fx+Ij4tIj+m2WMQSGczs5jZVxV339chE8iwk6F64wjA==

brace-expansion@^1.1.7:
  version "1.1.11"
  resolved "https://registry.yarnpkg.com/brace-expansion/-/brace-expansion-1.1.11.tgz#3c7fcbf529d87226f3d2f52b966ff5271eb441dd"
  integrity sha512-iCuPHDFgrHX7H2vEI/5xpz07zSHB00TpugqhmYtVmMO6518mCuRMoOYFldEBl0g187ufozdaHgWKcYFb61qGiA==
  dependencies:
    balanced-match "^1.0.0"
    concat-map "0.0.1"

browser-stdout@1.3.1:
  version "1.3.1"
  resolved "https://registry.yarnpkg.com/browser-stdout/-/browser-stdout-1.3.1.tgz#baa559ee14ced73452229bad7326467c61fabd60"
  integrity sha512-qhAVI1+Av2X7qelOfAIYwXONood6XlZE/fXaBSmW/T5SzLAmCgzi+eiWE7fUvbHaeNBQH13UftjpXxsfLkMpgw==

bson@^1.1.0, bson@~1.1.0:
  version "1.1.0"
  resolved "https://registry.yarnpkg.com/bson/-/bson-1.1.0.tgz#bee57d1fb6a87713471af4e32bcae36de814b5b0"
  integrity sha512-9Aeai9TacfNtWXOYarkFJRW2CWo+dRon+fuLZYJmvLV3+MiUp0bEI6IAZfXEIg7/Pl/7IWlLaDnhzTsD81etQA==

buffer-equal-constant-time@1.0.1:
  version "1.0.1"
  resolved "https://registry.yarnpkg.com/buffer-equal-constant-time/-/buffer-equal-constant-time-1.0.1.tgz#f8e71132f7ffe6e01a5c9697a4c6f3e48d5cc819"
  integrity sha1-+OcRMvf/5uAaXJaXpMbz5I1cyBk=

bytes@3.0.0:
  version "3.0.0"
  resolved "https://registry.yarnpkg.com/bytes/-/bytes-3.0.0.tgz#d32815404d689699f85a4ea4fa8755dd13a96048"
  integrity sha1-0ygVQE1olpn4Wk6k+odV3ROpYEg=

cache-content-type@^1.0.0:
  version "1.0.1"
  resolved "https://registry.yarnpkg.com/cache-content-type/-/cache-content-type-1.0.1.tgz#035cde2b08ee2129f4a8315ea8f00a00dba1453c"
  integrity sha512-IKufZ1o4Ut42YUrZSo8+qnMTrFuKkvyoLXUywKz9GJ5BrhOFGhLdkx9sG4KAnVvbY6kEcSFjLQul+DVmBm2bgA==
  dependencies:
    mime-types "^2.1.18"
    ylru "^1.2.0"

camelize@1.0.0:
  version "1.0.0"
  resolved "https://registry.yarnpkg.com/camelize/-/camelize-1.0.0.tgz#164a5483e630fa4321e5af07020e531831b2609b"
  integrity sha1-FkpUg+Yw+kMh5a8HAg5TGDGyYJs=

co-body@^5.1.1:
  version "5.2.0"
  resolved "https://registry.yarnpkg.com/co-body/-/co-body-5.2.0.tgz#5a0a658c46029131e0e3a306f67647302f71c124"
  integrity sha512-sX/LQ7LqUhgyaxzbe7IqwPeTr2yfpfUIQ/dgpKo6ZI4y4lpQA0YxAomWIY+7I7rHWcG02PG+OuPREzMW/5tszQ==
  dependencies:
    inflation "^2.0.0"
    qs "^6.4.0"
    raw-body "^2.2.0"
    type-is "^1.6.14"

co@^4.6.0:
  version "4.6.0"
  resolved "https://registry.yarnpkg.com/co/-/co-4.6.0.tgz#6ea6bdf3d853ae54ccb8e47bfa0bf3f9031fb184"
  integrity sha1-bqa989hTrlTMuOR7+gvz+QMfsYQ=

commander@2.15.1:
  version "2.15.1"
  resolved "https://registry.yarnpkg.com/commander/-/commander-2.15.1.tgz#df46e867d0fc2aec66a34662b406a9ccafff5b0f"
  integrity sha512-VlfT9F3V0v+jr4yxPc5gg9s62/fIVWsd2Bk2iD435um1NlGMYdVCq+MjcXnhYq2icNOizHr1kK+5TI6H0Hy0ag==

concat-map@0.0.1:
  version "0.0.1"
  resolved "https://registry.yarnpkg.com/concat-map/-/concat-map-0.0.1.tgz#d8a96bd77fd68df7793a73036a3ba0d5405d477b"
  integrity sha1-2Klr13/Wjfd5OnMDajug1UBdR3s=

content-disposition@~0.5.2:
  version "0.5.2"
  resolved "https://registry.yarnpkg.com/content-disposition/-/content-disposition-0.5.2.tgz#0cf68bb9ddf5f2be7961c3a85178cb85dba78cb4"
  integrity sha1-DPaLud318r55YcOoUXjLhdunjLQ=

content-security-policy-builder@2.0.0:
  version "2.0.0"
  resolved "https://registry.yarnpkg.com/content-security-policy-builder/-/content-security-policy-builder-2.0.0.tgz#8749a1d542fcbe82237281ea9f716ce68b394dd2"
  integrity sha512-j+Nhmj1yfZAikJLImCvPJFE29x/UuBi+/MWqggGGc515JKaZrjuei2RhULJmy0MsstW3E3htl002bwmBNMKr7w==

content-type@^1.0.4:
  version "1.0.4"
  resolved "https://registry.yarnpkg.com/content-type/-/content-type-1.0.4.tgz#e138cc75e040c727b1966fe5e5f8c9aee256fe3b"
  integrity sha512-hIP3EEPs8tB9AT1L+NUqtwOAps4mk2Zob89MWXMHjHWg9milF/j4osnnQLXBCBFBk/tvIG/tUc9mOUJiPBhPXA==

cookies@~0.7.1:
  version "0.7.3"
  resolved "https://registry.yarnpkg.com/cookies/-/cookies-0.7.3.tgz#7912ce21fbf2e8c2da70cf1c3f351aecf59dadfa"
  integrity sha512-+gixgxYSgQLTaTIilDHAdlNPZDENDQernEMiIcZpYYP14zgHsCt4Ce1FEjFtcp6GefhozebB6orvhAAWx/IS0A==
  dependencies:
    depd "~1.1.2"
    keygrip "~1.0.3"

crypto@^1.0.1:
  version "1.0.1"
  resolved "https://registry.yarnpkg.com/crypto/-/crypto-1.0.1.tgz#2af1b7cad8175d24c8a1b0778255794a21803037"
  integrity sha512-VxBKmeNcqQdiUQUW2Tzq0t377b54N2bMtXO/qiLa+6eRRmmC4qT3D4OnTGoT/U6O9aklQ/jTwbOtRMTTY8G0Ig==

dasherize@2.0.0:
  version "2.0.0"
  resolved "https://registry.yarnpkg.com/dasherize/-/dasherize-2.0.0.tgz#6d809c9cd0cf7bb8952d80fc84fa13d47ddb1308"
  integrity sha1-bYCcnNDPe7iVLYD8hPoT1H3bEwg=

debug@3.1.0, debug@~3.1.0:
  version "3.1.0"
  resolved "https://registry.yarnpkg.com/debug/-/debug-3.1.0.tgz#5bb5a0672628b64149566ba16819e61518c67261"
  integrity sha512-OX8XqP7/1a9cqkxYw2yXss15f26NKWBpDXQd0/uK/KPqdQhxbPa994hnzjcE2VqQpDslf55723cKPUOGSmMY3g==
  dependencies:
    ms "2.0.0"

debug@^3.1.0:
  version "3.2.6"
  resolved "https://registry.yarnpkg.com/debug/-/debug-3.2.6.tgz#e83d17de16d8a7efb7717edbe5fb10135eee629b"
  integrity sha512-mel+jf7nrtEl5Pn1Qx46zARXKDpBbvzezse7p7LqINmdoIk8PYP5SySaxEmYv6TZ0JyEKA1hsCId6DIhgITtWQ==
  dependencies:
    ms "^2.1.1"

deep-equal@~1.0.1:
  version "1.0.1"
  resolved "https://registry.yarnpkg.com/deep-equal/-/deep-equal-1.0.1.tgz#f5d260292b660e084eff4cdbc9f08ad3247448b5"
  integrity sha1-9dJgKStmDghO/0zbyfCK0yR0SLU=

delegates@^1.0.0:
  version "1.0.0"
  resolved "https://registry.yarnpkg.com/delegates/-/delegates-1.0.0.tgz#84c6e159b81904fdca59a0ef44cd870d31250f9a"
  integrity sha1-hMbhWbgZBP3KWaDvRM2HDTElD5o=

depd@^1.1.2, depd@~1.1.2:
  version "1.1.2"
  resolved "https://registry.yarnpkg.com/depd/-/depd-1.1.2.tgz#9bcd52e14c097763e749b274c4346ed2e560b5a9"
  integrity sha1-m81S4UwJd2PnSbJ0xDRu0uVgtak=

destroy@^1.0.4:
  version "1.0.4"
  resolved "https://registry.yarnpkg.com/destroy/-/destroy-1.0.4.tgz#978857442c44749e4206613e37946205826abd80"
  integrity sha1-l4hXRCxEdJ5CBmE+N5RiBYJqvYA=

diff@3.5.0:
  version "3.5.0"
  resolved "https://registry.yarnpkg.com/diff/-/diff-3.5.0.tgz#800c0dd1e0a8bfbc95835c202ad220fe317e5a12"
  integrity sha512-A46qtFgd+g7pDZinpnwiRJtxbC1hpgf0uzP3iG89scHk0AUC7A1TGxf5OiiOUv/JMZR8GOt8hL900hV0bOy5xA==

dns-prefetch-control@0.1.0:
  version "0.1.0"
  resolved "https://registry.yarnpkg.com/dns-prefetch-control/-/dns-prefetch-control-0.1.0.tgz#60ddb457774e178f1f9415f0cabb0e85b0b300b2"
  integrity sha1-YN20V3dOF48flBXwyrsOhbCzALI=

dont-sniff-mimetype@1.0.0:
  version "1.0.0"
  resolved "https://registry.yarnpkg.com/dont-sniff-mimetype/-/dont-sniff-mimetype-1.0.0.tgz#5932890dc9f4e2f19e5eb02a20026e5e5efc8f58"
  integrity sha1-WTKJDcn04vGeXrAqIAJuXl78j1g=

ecdsa-sig-formatter@1.0.10:
  version "1.0.10"
  resolved "https://registry.yarnpkg.com/ecdsa-sig-formatter/-/ecdsa-sig-formatter-1.0.10.tgz#1c595000f04a8897dfb85000892a0f4c33af86c3"
  integrity sha1-HFlQAPBKiJffuFAAiSoPTDOvhsM=
  dependencies:
    safe-buffer "^5.0.1"

ee-first@1.1.1:
  version "1.1.1"
  resolved "https://registry.yarnpkg.com/ee-first/-/ee-first-1.1.1.tgz#590c61156b0ae2f4f0255732a158b266bc56b21d"
  integrity sha1-WQxhFWsK4vTwJVcyoViyZrxWsh0=

error-inject@^1.0.0:
  version "1.0.0"
  resolved "https://registry.yarnpkg.com/error-inject/-/error-inject-1.0.0.tgz#e2b3d91b54aed672f309d950d154850fa11d4f37"
  integrity sha1-4rPZG1Su1nLzCdlQ0VSFD6EdTzc=

escape-html@^1.0.3:
  version "1.0.3"
  resolved "https://registry.yarnpkg.com/escape-html/-/escape-html-1.0.3.tgz#0258eae4d3d0c0974de1c169188ef0051d1d1988"
  integrity sha1-Aljq5NPQwJdN4cFpGI7wBR0dGYg=

escape-string-regexp@1.0.5:
  version "1.0.5"
  resolved "https://registry.yarnpkg.com/escape-string-regexp/-/escape-string-regexp-1.0.5.tgz#1b61c0562190a8dff6ae3bb2cf0200ca130b86d4"
  integrity sha1-G2HAViGQqN/2rjuyzwIAyhMLhtQ=

expect-ct@0.1.1:
  version "0.1.1"
  resolved "https://registry.yarnpkg.com/expect-ct/-/expect-ct-0.1.1.tgz#de84476a2dbcb85000d5903737e9bc8a5ba7b897"
  integrity sha512-ngXzTfoRGG7fYens3/RMb6yYoVLvLMfmsSllP/mZPxNHgFq41TmPSLF/nLY7fwoclI2vElvAmILFWGUYqdjfCg==

feature-policy@0.2.0:
  version "0.2.0"
  resolved "https://registry.yarnpkg.com/feature-policy/-/feature-policy-0.2.0.tgz#22096de49ab240176878ffe2bde2f6ff04d48c43"
  integrity sha512-2hGrlv6efG4hscYVZeaYjpzpT6I2OZgYqE2yDUzeAcKj2D1SH0AsEzqJNXzdoglEddcIXQQYop3lD97XpG75Jw==

formidable@^1.1.1:
  version "1.2.1"
  resolved "https://registry.yarnpkg.com/formidable/-/formidable-1.2.1.tgz#70fb7ca0290ee6ff961090415f4b3df3d2082659"
  integrity sha512-Fs9VRguL0gqGHkXS5GQiMCr1VhZBxz0JnJs4JmMp/2jL18Fmbzvv7vOFRU+U8TBkHEE/CX1qDXzJplVULgsLeg==

frameguard@3.0.0:
  version "3.0.0"
  resolved "https://registry.yarnpkg.com/frameguard/-/frameguard-3.0.0.tgz#7bcad469ee7b96e91d12ceb3959c78235a9272e9"
  integrity sha1-e8rUae57lukdEs6zlZx4I1qScuk=

fresh@~0.5.2:
  version "0.5.2"
  resolved "https://registry.yarnpkg.com/fresh/-/fresh-0.5.2.tgz#3d8cadd90d976569fa835ab1f8e4b23a105605a7"
  integrity sha1-PYyt2Q2XZWn6g1qx+OSyOhBWBac=

fs.realpath@^1.0.0:
  version "1.0.0"
  resolved "https://registry.yarnpkg.com/fs.realpath/-/fs.realpath-1.0.0.tgz#1504ad2523158caa40db4a2787cb01411994ea4f"
  integrity sha1-FQStJSMVjKpA20onh8sBQRmU6k8=

glob@7.1.2:
  version "7.1.2"
  resolved "https://registry.yarnpkg.com/glob/-/glob-7.1.2.tgz#c19c9df9a028702d678612384a6552404c636d15"
  integrity sha512-MJTUg1kjuLeQCJ+ccE4Vpa6kKVXkPYJ2mOCQyUuKLcLQsdrMCpBPUi8qVE6+YuaJkozeA9NusTAw3hLr8Xe5EQ==
  dependencies:
    fs.realpath "^1.0.0"
    inflight "^1.0.4"
    inherits "2"
    minimatch "^3.0.4"
    once "^1.3.0"
    path-is-absolute "^1.0.0"

growl@1.10.5:
  version "1.10.5"
  resolved "https://registry.yarnpkg.com/growl/-/growl-1.10.5.tgz#f2735dc2283674fa67478b10181059355c369e5e"
  integrity sha512-qBr4OuELkhPenW6goKVXiv47US3clb3/IbuWF9KNKEijAy9oeHxU9IgzjvJhHkUzhaj7rOUD7+YGWqUjLp5oSA==

has-flag@^3.0.0:
  version "3.0.0"
  resolved "https://registry.yarnpkg.com/has-flag/-/has-flag-3.0.0.tgz#b5d454dc2199ae225699f3467e5a07f3b955bafd"
  integrity sha1-tdRU3CGZriJWmfNGfloH87lVuv0=

he@1.1.1:
  version "1.1.1"
  resolved "https://registry.yarnpkg.com/he/-/he-1.1.1.tgz#93410fd21b009735151f8868c2f271f3427e23fd"
  integrity sha1-k0EP0hsAlzUVH4howvJx80J+I/0=

helmet-crossdomain@0.3.0:
  version "0.3.0"
  resolved "https://registry.yarnpkg.com/helmet-crossdomain/-/helmet-crossdomain-0.3.0.tgz#707e2df930f13ad61f76ed08e1bb51ab2b2e85fa"
  integrity sha512-YiXhj0E35nC4Na5EPE4mTfoXMf9JTGpN4OtB4aLqShKuH9d2HNaJX5MQoglO6STVka0uMsHyG5lCut5Kzsy7Lg==

helmet-csp@2.7.1:
  version "2.7.1"
  resolved "https://registry.yarnpkg.com/helmet-csp/-/helmet-csp-2.7.1.tgz#e8e0b5186ffd4db625cfcce523758adbfadb9dca"
  integrity sha512-sCHwywg4daQ2mY0YYwXSZRsgcCeerUwxMwNixGA7aMLkVmPTYBl7gJoZDHOZyXkqPrtuDT3s2B1A+RLI7WxSdQ==
  dependencies:
    camelize "1.0.0"
    content-security-policy-builder "2.0.0"
    dasherize "2.0.0"
    platform "1.3.5"

helmet@^3.9.0:
  version "3.15.0"
  resolved "https://registry.yarnpkg.com/helmet/-/helmet-3.15.0.tgz#fe0bb80e05d9eec589e3cbecaf5384409a3a64c9"
  integrity sha512-j9JjtAnWJj09lqe/PEICrhuDaX30TeokXJ9tW6ZPhVH0+LMoihDeJ58CdWeTGzM66p6EiIODmgAaWfdeIWI4Gg==
  dependencies:
    dns-prefetch-control "0.1.0"
    dont-sniff-mimetype "1.0.0"
    expect-ct "0.1.1"
    feature-policy "0.2.0"
    frameguard "3.0.0"
    helmet-crossdomain "0.3.0"
    helmet-csp "2.7.1"
    hide-powered-by "1.0.0"
    hpkp "2.0.0"
    hsts "2.1.0"
    ienoopen "1.0.0"
    nocache "2.0.0"
    referrer-policy "1.1.0"
    x-xss-protection "1.1.0"

hide-powered-by@1.0.0:
  version "1.0.0"
  resolved "https://registry.yarnpkg.com/hide-powered-by/-/hide-powered-by-1.0.0.tgz#4a85ad65881f62857fc70af7174a1184dccce32b"
  integrity sha1-SoWtZYgfYoV/xwr3F0oRhNzM4ys=

hpkp@2.0.0:
  version "2.0.0"
  resolved "https://registry.yarnpkg.com/hpkp/-/hpkp-2.0.0.tgz#10e142264e76215a5d30c44ec43de64dee6d1672"
  integrity sha1-EOFCJk52IVpdMMROxD3mTe5tFnI=

hsts@2.1.0:
  version "2.1.0"
  resolved "https://registry.yarnpkg.com/hsts/-/hsts-2.1.0.tgz#cbd6c918a2385fee1dd5680bfb2b3a194c0121cc"
  integrity sha512-zXhh/DqgrTXJ7erTN6Fh5k/xjMhDGXCqdYN3wvxUvGUQvnxcFfUd8E+6vLg/nk3ss1TYMb+DhRl25fYABioTvA==

http-assert@^1.3.0:
  version "1.4.0"
  resolved "https://registry.yarnpkg.com/http-assert/-/http-assert-1.4.0.tgz#0e550b4fca6adf121bbeed83248c17e62f593a9a"
  integrity sha512-tPVv62a6l3BbQoM/N5qo969l0OFxqpnQzNUPeYfTP6Spo4zkgWeDBD1D5thI7sDLg7jCCihXTLB0X8UtdyAy8A==
  dependencies:
    deep-equal "~1.0.1"
    http-errors "~1.7.1"

http-errors@1.6.3, http-errors@~1.6.2:
  version "1.6.3"
  resolved "https://registry.yarnpkg.com/http-errors/-/http-errors-1.6.3.tgz#8b55680bb4be283a0b5bf4ea2e38580be1d9320d"
  integrity sha1-i1VoC7S+KDoLW/TqLjhYC+HZMg0=
  dependencies:
    depd "~1.1.2"
    inherits "2.0.3"
    setprototypeof "1.1.0"
    statuses ">= 1.4.0 < 2"

http-errors@^1.3.1, http-errors@^1.6.3, http-errors@~1.7.1:
  version "1.7.1"
  resolved "https://registry.yarnpkg.com/http-errors/-/http-errors-1.7.1.tgz#6a4ffe5d35188e1c39f872534690585852e1f027"
  integrity sha512-jWEUgtZWGSMba9I1N3gc1HmvpBUaNC9vDdA46yScAdp+C5rdEuKWUBLWTQpW9FwSWSbYYs++b6SDCxf9UEJzfw==
  dependencies:
    depd "~1.1.2"
    inherits "2.0.3"
    setprototypeof "1.1.0"
    statuses ">= 1.5.0 < 2"
    toidentifier "1.0.0"

iconv-lite@0.4.23:
  version "0.4.23"
  resolved "https://registry.yarnpkg.com/iconv-lite/-/iconv-lite-0.4.23.tgz#297871f63be507adcfbfca715d0cd0eed84e9a63"
  integrity sha512-neyTUVFtahjf0mB3dZT77u+8O0QB89jFdnBkd5P1JgYPbPaia3gXXOVL2fq8VyU2gMMD7SaN7QukTB/pmXYvDA==
  dependencies:
    safer-buffer ">= 2.1.2 < 3"

ienoopen@1.0.0:
  version "1.0.0"
  resolved "https://registry.yarnpkg.com/ienoopen/-/ienoopen-1.0.0.tgz#346a428f474aac8f50cf3784ea2d0f16f62bda6b"
  integrity sha1-NGpCj0dKrI9QzzeE6i0PFvYr2ms=

inflation@^2.0.0:
  version "2.0.0"
  resolved "https://registry.yarnpkg.com/inflation/-/inflation-2.0.0.tgz#8b417e47c28f925a45133d914ca1fd389107f30f"
  integrity sha1-i0F+R8KPklpFEz2RTKH9OJEH8w8=

inflight@^1.0.4:
  version "1.0.6"
  resolved "https://registry.yarnpkg.com/inflight/-/inflight-1.0.6.tgz#49bd6331d7d02d0c09bc910a1075ba8165b56df9"
  integrity sha1-Sb1jMdfQLQwJvJEKEHW6gWW1bfk=
  dependencies:
    once "^1.3.0"
    wrappy "1"

inherits@2, inherits@2.0.3:
  version "2.0.3"
  resolved "https://registry.yarnpkg.com/inherits/-/inherits-2.0.3.tgz#633c2c83e3da42a502f52466022480f4208261de"
  integrity sha1-Yzwsg+PaQqUC9SRmAiSA9CCCYd4=

is-generator-function@^1.0.7:
  version "1.0.7"
  resolved "https://registry.yarnpkg.com/is-generator-function/-/is-generator-function-1.0.7.tgz#d2132e529bb0000a7f80794d4bdf5cd5e5813522"
  integrity sha512-YZc5EwyO4f2kWCax7oegfuSr9mFz1ZvieNYBEjmukLxgXfBUbxAWGVF7GZf0zidYtoBl3WvC07YK0wT76a+Rtw==

isarray@0.0.1:
  version "0.0.1"
  resolved "https://registry.yarnpkg.com/isarray/-/isarray-0.0.1.tgz#8a18acfca9a8f4177e09abfc6038939b05d1eedf"
  integrity sha1-ihis/Kmo9Bd+Cav8YDiTmwXR7t8=

jsonwebtoken@^8.2.0:
  version "8.3.0"
  resolved "https://registry.yarnpkg.com/jsonwebtoken/-/jsonwebtoken-8.3.0.tgz#056c90eee9a65ed6e6c72ddb0a1d325109aaf643"
  integrity sha512-oge/hvlmeJCH+iIz1DwcO7vKPkNGJHhgkspk8OH3VKlw+mbi42WtD4ig1+VXRln765vxptAv+xT26Fd3cteqag==
  dependencies:
    jws "^3.1.5"
    lodash.includes "^4.3.0"
    lodash.isboolean "^3.0.3"
    lodash.isinteger "^4.0.4"
    lodash.isnumber "^3.0.3"
    lodash.isplainobject "^4.0.6"
    lodash.isstring "^4.0.1"
    lodash.once "^4.0.0"
    ms "^2.1.1"

jwa@^1.1.5:
  version "1.1.6"
  resolved "https://registry.yarnpkg.com/jwa/-/jwa-1.1.6.tgz#87240e76c9808dbde18783cf2264ef4929ee50e6"
  integrity sha512-tBO/cf++BUsJkYql/kBbJroKOgHWEigTKBAjjBEmrMGYd1QMBC74Hr4Wo2zCZw6ZrVhlJPvoMrkcOnlWR/DJfw==
  dependencies:
    buffer-equal-constant-time "1.0.1"
    ecdsa-sig-formatter "1.0.10"
    safe-buffer "^5.0.1"

jws@^3.1.5:
  version "3.1.5"
  resolved "https://registry.yarnpkg.com/jws/-/jws-3.1.5.tgz#80d12d05b293d1e841e7cb8b4e69e561adcf834f"
  integrity sha512-GsCSexFADNQUr8T5HPJvayTjvPIfoyJPtLQBwn5a4WZQchcrPMPMAWcC1AzJVRDKyD6ZPROPAxgv6rfHViO4uQ==
  dependencies:
    jwa "^1.1.5"
    safe-buffer "^5.0.1"

kareem@2.3.0:
  version "2.3.0"
  resolved "https://registry.yarnpkg.com/kareem/-/kareem-2.3.0.tgz#ef33c42e9024dce511eeaf440cd684f3af1fc769"
  integrity sha512-6hHxsp9e6zQU8nXsP+02HGWXwTkOEw6IROhF2ZA28cYbUk4eJ6QbtZvdqZOdD9YPKghG3apk5eOCvs+tLl3lRg==

keygrip@~1.0.3:
  version "1.0.3"
  resolved "https://registry.yarnpkg.com/keygrip/-/keygrip-1.0.3.tgz#399d709f0aed2bab0a059e0cdd3a5023a053e1dc"
  integrity sha512-/PpesirAIfaklxUzp4Yb7xBper9MwP6hNRA6BGGUFCgbJ+BM5CKBtsoxinNXkLHAr+GXS1/lSlF2rP7cv5Fl+g==

koa-body@^2.5.0:
  version "2.6.0"
  resolved "https://registry.yarnpkg.com/koa-body/-/koa-body-2.6.0.tgz#8ed7a192a64a38df610a986342d1801855641a1d"
  integrity sha512-8i9ti3TRxelsnPUct0xY8toTFj5gTzGWW45ePBkT8fnzZP75y5woisVpziIdqcnqtt1lMNBD30p+tkiSC+NfjQ==
  dependencies:
    co-body "^5.1.1"
    formidable "^1.1.1"

koa-compose@^3.0.0:
  version "3.2.1"
  resolved "https://registry.yarnpkg.com/koa-compose/-/koa-compose-3.2.1.tgz#a85ccb40b7d986d8e5a345b3a1ace8eabcf54de7"
  integrity sha1-qFzLQLfZhtjlo0Wzoazo6rz1Tec=
  dependencies:
    any-promise "^1.1.0"

koa-compose@^4.1.0:
  version "4.1.0"
  resolved "https://registry.yarnpkg.com/koa-compose/-/koa-compose-4.1.0.tgz#507306b9371901db41121c812e923d0d67d3e877"
  integrity sha512-8ODW8TrDuMYvXRwra/Kh7/rJo9BtOfPc6qO8eAfC80CnCvSjSl0bkRM24X6/XBBEyj0v1nRUQ1LyOy3dbqOWXw==

koa-convert@^1.2.0:
  version "1.2.0"
  resolved "https://registry.yarnpkg.com/koa-convert/-/koa-convert-1.2.0.tgz#da40875df49de0539098d1700b50820cebcd21d0"
  integrity sha1-2kCHXfSd4FOQmNFwC1CCDOvNIdA=
  dependencies:
    co "^4.6.0"
    koa-compose "^3.0.0"

koa-cors@0.0.16:
  version "0.0.16"
  resolved "https://registry.yarnpkg.com/koa-cors/-/koa-cors-0.0.16.tgz#98107993a7909e34c042986c5ec6156d77f3432e"
  integrity sha1-mBB5k6eQnjTAQphsXsYVbXfzQy4=

koa-helmet@^3.3.0:
  version "3.3.0"
  resolved "https://registry.yarnpkg.com/koa-helmet/-/koa-helmet-3.3.0.tgz#28fe5a8c7ed5f0f36410c2e8c99eab7031e7b714"
  integrity sha512-kuUjVpCy8gjJkXO0JYVX8tYvX8vTVOCdogLNHuPczRaITbmd8r7EBcNrk8GzBPVQE0ZOwDUqCSaNZ6vZwsL+wA==
  dependencies:
    helmet "^3.9.0"

koa-is-json@^1.0.0:
  version "1.0.0"
  resolved "https://registry.yarnpkg.com/koa-is-json/-/koa-is-json-1.0.0.tgz#273c07edcdcb8df6a2c1ab7d59ee76491451ec14"
  integrity sha1-JzwH7c3Ljfaiwat9We52SRRR7BQ=

koa-router@^7.4.0:
  version "7.4.0"
  resolved "https://registry.yarnpkg.com/koa-router/-/koa-router-7.4.0.tgz#aee1f7adc02d5cb31d7d67465c9eacc825e8c5e0"
  integrity sha512-IWhaDXeAnfDBEpWS6hkGdZ1ablgr6Q6pGdXCyK38RbzuH4LkUOpPqPw+3f8l8aTDrQmBQ7xJc0bs2yV4dzcO+g==
  dependencies:
    debug "^3.1.0"
    http-errors "^1.3.1"
    koa-compose "^3.0.0"
    methods "^1.0.1"
    path-to-regexp "^1.1.1"
    urijs "^1.19.0"

koa-send@^5.0.0:
  version "5.0.0"
  resolved "https://registry.yarnpkg.com/koa-send/-/koa-send-5.0.0.tgz#5e8441e07ef55737734d7ced25b842e50646e7eb"
  integrity sha512-90ZotV7t0p3uN9sRwW2D484rAaKIsD8tAVtypw/aBU+ryfV+fR2xrcAwhI8Wl6WRkojLUs/cB9SBSCuIb+IanQ==
  dependencies:
    debug "^3.1.0"
    http-errors "^1.6.3"
    mz "^2.7.0"
    resolve-path "^1.4.0"

koa-static@^5.0.0:
  version "5.0.0"
  resolved "https://registry.yarnpkg.com/koa-static/-/koa-static-5.0.0.tgz#5e92fc96b537ad5219f425319c95b64772776943"
  integrity sha512-UqyYyH5YEXaJrf9S8E23GoJFQZXkBVJ9zYYMPGz919MSX1KuvAcycIuS0ci150HCoPf4XQVhQ84Qf8xRPWxFaQ==
  dependencies:
    debug "^3.1.0"
    koa-send "^5.0.0"

koa@^2.5.0:
  version "2.6.2"
  resolved "https://registry.yarnpkg.com/koa/-/koa-2.6.2.tgz#57ba4d049b0a99cae0d594e6144e2931949a7ce1"
  integrity sha512-KdnBFhTgh9ysMMoYe4J4fLvaKjT7mF3nRYV8MjxLzx6qywFNeptqi4xevyUltg1fZl2CFJ+HeLXuCGx07Yvl/A==
  dependencies:
    accepts "^1.3.5"
    cache-content-type "^1.0.0"
    content-disposition "~0.5.2"
    content-type "^1.0.4"
    cookies "~0.7.1"
    debug "~3.1.0"
    delegates "^1.0.0"
    depd "^1.1.2"
    destroy "^1.0.4"
    error-inject "^1.0.0"
    escape-html "^1.0.3"
    fresh "~0.5.2"
    http-assert "^1.3.0"
    http-errors "^1.6.3"
    is-generator-function "^1.0.7"
    koa-compose "^4.1.0"
    koa-convert "^1.2.0"
    koa-is-json "^1.0.0"
    on-finished "^2.3.0"
    only "~0.0.2"
    parseurl "^1.3.2"
    statuses "^1.5.0"
    type-is "^1.6.16"
    vary "^1.1.2"

lodash.get@4.4.2:
  version "4.4.2"
  resolved "https://registry.yarnpkg.com/lodash.get/-/lodash.get-4.4.2.tgz#2d177f652fa31e939b4438d5341499dfa3825e99"
  integrity sha1-LRd/ZS+jHpObRDjVNBSZ36OCXpk=

lodash.includes@^4.3.0:
  version "4.3.0"
  resolved "https://registry.yarnpkg.com/lodash.includes/-/lodash.includes-4.3.0.tgz#60bb98a87cb923c68ca1e51325483314849f553f"
  integrity sha1-YLuYqHy5I8aMoeUTJUgzFISfVT8=

lodash.isboolean@^3.0.3:
  version "3.0.3"
  resolved "https://registry.yarnpkg.com/lodash.isboolean/-/lodash.isboolean-3.0.3.tgz#6c2e171db2a257cd96802fd43b01b20d5f5870f6"
  integrity sha1-bC4XHbKiV82WgC/UOwGyDV9YcPY=

lodash.isinteger@^4.0.4:
  version "4.0.4"
  resolved "https://registry.yarnpkg.com/lodash.isinteger/-/lodash.isinteger-4.0.4.tgz#619c0af3d03f8b04c31f5882840b77b11cd68343"
  integrity sha1-YZwK89A/iwTDH1iChAt3sRzWg0M=

lodash.isnumber@^3.0.3:
  version "3.0.3"
  resolved "https://registry.yarnpkg.com/lodash.isnumber/-/lodash.isnumber-3.0.3.tgz#3ce76810c5928d03352301ac287317f11c0b1ffc"
  integrity sha1-POdoEMWSjQM1IwGsKHMX8RwLH/w=

lodash.isplainobject@^4.0.6:
  version "4.0.6"
  resolved "https://registry.yarnpkg.com/lodash.isplainobject/-/lodash.isplainobject-4.0.6.tgz#7c526a52d89b45c45cc690b88163be0497f550cb"
  integrity sha1-fFJqUtibRcRcxpC4gWO+BJf1UMs=

lodash.isstring@^4.0.1:
  version "4.0.1"
  resolved "https://registry.yarnpkg.com/lodash.isstring/-/lodash.isstring-4.0.1.tgz#d527dfb5456eca7cc9bb95d5daeaf88ba54a5451"
  integrity sha1-1SfftUVuynzJu5XV2ur4i6VKVFE=

lodash.once@^4.0.0:
  version "4.1.1"
  resolved "https://registry.yarnpkg.com/lodash.once/-/lodash.once-4.1.1.tgz#0dd3971213c7c56df880977d504c88fb471a97ac"
  integrity sha1-DdOXEhPHxW34gJd9UEyI+0cal6w=

lodash@^4.17.10:
  version "4.17.11"
  resolved "https://registry.yarnpkg.com/lodash/-/lodash-4.17.11.tgz#b39ea6229ef607ecd89e2c8df12536891cac9b8d"
  integrity sha512-cQKh8igo5QUhZ7lg38DYWAxMvjSAKG0A8wGSVimP07SIUEK2UO+arSRKbRZWtelMtN5V0Hkwh5ryOto/SshYIg==

media-typer@0.3.0:
  version "0.3.0"
  resolved "https://registry.yarnpkg.com/media-typer/-/media-typer-0.3.0.tgz#8710d7af0aa626f8fffa1ce00168545263255748"
  integrity sha1-hxDXrwqmJvj/+hzgAWhUUmMlV0g=

memory-pager@^1.0.2:
  version "1.1.0"
  resolved "https://registry.yarnpkg.com/memory-pager/-/memory-pager-1.1.0.tgz#9308915e0e972849fefbae6f8bc95d6b350e7344"
  integrity sha512-Mf9OHV/Y7h6YWDxTzX/b4ZZ4oh9NSXblQL8dtPCOomOtZciEHxePR78+uHFLLlsk01A6jVHhHsQZZ/WcIPpnzg==

methods@^1.0.1:
  version "1.1.2"
  resolved "https://registry.yarnpkg.com/methods/-/methods-1.1.2.tgz#5529a4d67654134edcc5266656835b0f851afcee"
  integrity sha1-VSmk1nZUE07cxSZmVoNbD4Ua/O4=

mime-db@~1.37.0:
  version "1.37.0"
  resolved "https://registry.yarnpkg.com/mime-db/-/mime-db-1.37.0.tgz#0b6a0ce6fdbe9576e25f1f2d2fde8830dc0ad0d8"
  integrity sha512-R3C4db6bgQhlIhPU48fUtdVmKnflq+hRdad7IyKhtFj06VPNVdk2RhiYL3UjQIlso8L+YxAtFkobT0VK+S/ybg==

mime-types@^2.1.18, mime-types@~2.1.18:
  version "2.1.21"
  resolved "https://registry.yarnpkg.com/mime-types/-/mime-types-2.1.21.tgz#28995aa1ecb770742fe6ae7e58f9181c744b3f96"
  integrity sha512-3iL6DbwpyLzjR3xHSFNFeb9Nz/M8WDkX33t1GFQnFOllWk8pOrh/LSrB5OXlnlW5P9LH73X6loW/eogc+F5lJg==
  dependencies:
    mime-db "~1.37.0"

minimatch@3.0.4, minimatch@^3.0.4:
  version "3.0.4"
  resolved "https://registry.yarnpkg.com/minimatch/-/minimatch-3.0.4.tgz#5166e286457f03306064be5497e8dbb0c3d32083"
  integrity sha512-yJHVQEhyqPLUTgt9B83PXu6W3rx4MvvHvSUvToogpwoGDOUQ+yDrR0HRot+yOCdCO7u4hX3pWft6kWBBcqh0UA==
  dependencies:
    brace-expansion "^1.1.7"

minimist@0.0.8:
  version "0.0.8"
  resolved "https://registry.yarnpkg.com/minimist/-/minimist-0.0.8.tgz#857fcabfc3397d2625b8228262e86aa7a011b05d"
  integrity sha1-hX/Kv8M5fSYluCKCYuhqp6ARsF0=

mkdirp@0.5.1:
  version "0.5.1"
  resolved "https://registry.yarnpkg.com/mkdirp/-/mkdirp-0.5.1.tgz#30057438eac6cf7f8c4767f38648d6697d75c903"
  integrity sha1-MAV0OOrGz3+MR2fzhkjWaX11yQM=
  dependencies:
    minimist "0.0.8"

mocha@^5.0.4:
  version "5.2.0"
  resolved "https://registry.yarnpkg.com/mocha/-/mocha-5.2.0.tgz#6d8ae508f59167f940f2b5b3c4a612ae50c90ae6"
  integrity sha512-2IUgKDhc3J7Uug+FxMXuqIyYzH7gJjXECKe/w43IGgQHTSj3InJi+yAA7T24L9bQMRKiUEHxEX37G5JpVUGLcQ==
  dependencies:
    browser-stdout "1.3.1"
    commander "2.15.1"
    debug "3.1.0"
    diff "3.5.0"
    escape-string-regexp "1.0.5"
    glob "7.1.2"
    growl "1.10.5"
    he "1.1.1"
    minimatch "3.0.4"
    mkdirp "0.5.1"
    supports-color "5.4.0"

mongodb-core@3.1.7:
  version "3.1.7"
  resolved "https://registry.yarnpkg.com/mongodb-core/-/mongodb-core-3.1.7.tgz#fe61853a6a6acbd2046c91794e5325ecad85428a"
  integrity sha512-YffpSrLmgFNmrvkGx+yX00KyBNk64C0BalfEn6vHHkXtcMUGXw8nxrMmhq5eXPLLlYeBpD/CsgNxE2Chf0o4zQ==
  dependencies:
    bson "^1.1.0"
    require_optional "^1.0.1"
    safe-buffer "^5.1.2"
  optionalDependencies:
    saslprep "^1.0.0"

mongodb@3.1.8:
  version "3.1.8"
  resolved "https://registry.yarnpkg.com/mongodb/-/mongodb-3.1.8.tgz#df8084fda2efdbaddd05dfd6a269891fc4cc72df"
  integrity sha512-yNKwYxQ6m00NV6+pMoWoheFTHSQVv1KkSrfOhRDYMILGWDYtUtQRqHrFqU75rmPIY8hMozVft8zdC4KYMWaM3Q==
  dependencies:
    mongodb-core "3.1.7"
    safe-buffer "^5.1.2"

mongoose-legacy-pluralize@1.0.2:
  version "1.0.2"
  resolved "https://registry.yarnpkg.com/mongoose-legacy-pluralize/-/mongoose-legacy-pluralize-1.0.2.tgz#3ba9f91fa507b5186d399fb40854bff18fb563e4"
  integrity sha512-Yo/7qQU4/EyIS8YDFSeenIvXxZN+ld7YdV9LqFVQJzTLye8unujAWPZ4NWKfFA+RNjh+wvTWKY9Z3E5XM6ZZiQ==

mongoose@^5.0.9:
  version "5.3.11"
  resolved "https://registry.yarnpkg.com/mongoose/-/mongoose-5.3.11.tgz#ab71e070dabcb8b2aebff4702a09198a3f8a9401"
  integrity sha512-LrsatxtUfZAerAxyFiaw/8T8M4T9Ff9+6wFkJwfTVDz9skX+HVOs70QOzTDawz0k0Q0I6qt9xv/ZYQi2Paykgw==
  dependencies:
    async "2.6.1"
    bson "~1.1.0"
    kareem "2.3.0"
    lodash.get "4.4.2"
    mongodb "3.1.8"
    mongodb-core "3.1.7"
    mongoose-legacy-pluralize "1.0.2"
    mpath "0.5.1"
    mquery "3.2.0"
    ms "2.0.0"
    regexp-clone "0.0.1"
    safe-buffer "5.1.2"
    sliced "1.0.1"

mpath@0.5.1:
  version "0.5.1"
  resolved "https://registry.yarnpkg.com/mpath/-/mpath-0.5.1.tgz#17131501f1ff9e6e4fbc8ffa875aa7065b5775ab"
  integrity sha512-H8OVQ+QEz82sch4wbODFOz+3YQ61FYz/z3eJ5pIdbMEaUzDqA268Wd+Vt4Paw9TJfvDgVKaayC0gBzMIw2jhsg==

mquery@3.2.0:
  version "3.2.0"
  resolved "https://registry.yarnpkg.com/mquery/-/mquery-3.2.0.tgz#e276472abd5109686a15eb2a8e0761db813c81cc"
  integrity sha512-qPJcdK/yqcbQiKoemAt62Y0BAc0fTEKo1IThodBD+O5meQRJT/2HSe5QpBNwaa4CjskoGrYWsEyjkqgiE0qjhg==
  dependencies:
    bluebird "3.5.1"
    debug "3.1.0"
    regexp-clone "0.0.1"
    safe-buffer "5.1.2"
    sliced "1.0.1"

ms@2.0.0:
  version "2.0.0"
  resolved "https://registry.yarnpkg.com/ms/-/ms-2.0.0.tgz#5608aeadfc00be6c2901df5f9861788de0d597c8"
  integrity sha1-VgiurfwAvmwpAd9fmGF4jeDVl8g=

ms@^2.1.1:
  version "2.1.1"
  resolved "https://registry.yarnpkg.com/ms/-/ms-2.1.1.tgz#30a5864eb3ebb0a66f2ebe6d727af06a09d86e0a"
  integrity sha512-tgp+dl5cGk28utYktBsrFqA7HKgrhgPsg6Z/EfhWI4gl1Hwq8B/GmY/0oXZ6nF8hDVesS/FpnYaD/kOWhYQvyg==

mz@^2.7.0:
  version "2.7.0"
  resolved "https://registry.yarnpkg.com/mz/-/mz-2.7.0.tgz#95008057a56cafadc2bc63dde7f9ff6955948e32"
  integrity sha512-z81GNO7nnYMEhrGh9LeymoE4+Yr0Wn5McHIZMK5cfQCl+NDX08sCZgUc9/6MHni9IWuFLm1Z3HTCXu2z9fN62Q==
  dependencies:
    any-promise "^1.0.0"
    object-assign "^4.0.1"
    thenify-all "^1.0.0"

negotiator@0.6.1:
  version "0.6.1"
  resolved "https://registry.yarnpkg.com/negotiator/-/negotiator-0.6.1.tgz#2b327184e8992101177b28563fb5e7102acd0ca9"
  integrity sha1-KzJxhOiZIQEXeyhWP7XnECrNDKk=

nocache@2.0.0:
  version "2.0.0"
  resolved "https://registry.yarnpkg.com/nocache/-/nocache-2.0.0.tgz#202b48021a0c4cbde2df80de15a17443c8b43980"
  integrity sha1-ICtIAhoMTL3i34DeFaF0Q8i0OYA=

object-assign@^4.0.1:
  version "4.1.1"
  resolved "https://registry.yarnpkg.com/object-assign/-/object-assign-4.1.1.tgz#2109adc7965887cfc05cbbd442cac8bfbb360863"
  integrity sha1-IQmtx5ZYh8/AXLvUQsrIv7s2CGM=

on-finished@^2.3.0:
  version "2.3.0"
  resolved "https://registry.yarnpkg.com/on-finished/-/on-finished-2.3.0.tgz#20f1336481b083cd75337992a16971aa2d906947"
  integrity sha1-IPEzZIGwg811M3mSoWlxqi2QaUc=
  dependencies:
    ee-first "1.1.1"

once@^1.3.0:
  version "1.4.0"
  resolved "https://registry.yarnpkg.com/once/-/once-1.4.0.tgz#583b1aa775961d4b113ac17d9c50baef9dd76bd1"
  integrity sha1-WDsap3WWHUsROsF9nFC6753Xa9E=
  dependencies:
    wrappy "1"

only@~0.0.2:
  version "0.0.2"
  resolved "https://registry.yarnpkg.com/only/-/only-0.0.2.tgz#2afde84d03e50b9a8edc444e30610a70295edfb4"
  integrity sha1-Kv3oTQPlC5qO3EROMGEKcCle37Q=

parseurl@^1.3.2:
  version "1.3.2"
  resolved "https://registry.yarnpkg.com/parseurl/-/parseurl-1.3.2.tgz#fc289d4ed8993119460c156253262cdc8de65bf3"
  integrity sha1-/CidTtiZMRlGDBViUyYs3I3mW/M=

path-is-absolute@1.0.1, path-is-absolute@^1.0.0:
  version "1.0.1"
  resolved "https://registry.yarnpkg.com/path-is-absolute/-/path-is-absolute-1.0.1.tgz#174b9268735534ffbc7ace6bf53a5a9e1b5c5f5f"
  integrity sha1-F0uSaHNVNP+8es5r9TpanhtcX18=

path-to-regexp@^1.1.1:
  version "1.7.0"
  resolved "https://registry.yarnpkg.com/path-to-regexp/-/path-to-regexp-1.7.0.tgz#59fde0f435badacba103a84e9d3bc64e96b9937d"
  integrity sha1-Wf3g9DW62suhA6hOnTvGTpa5k30=
  dependencies:
    isarray "0.0.1"

platform@1.3.5:
  version "1.3.5"
  resolved "https://registry.yarnpkg.com/platform/-/platform-1.3.5.tgz#fb6958c696e07e2918d2eeda0f0bc9448d733444"
  integrity sha512-TuvHS8AOIZNAlE77WUDiR4rySV/VMptyMfcfeoMgs4P8apaZM3JrnbzBiixKUv+XR6i+BXrQh8WAnjaSPFO65Q==

qs@^6.4.0:
  version "6.5.2"
  resolved "https://registry.yarnpkg.com/qs/-/qs-6.5.2.tgz#cb3ae806e8740444584ef154ce8ee98d403f3e36"
  integrity sha512-N5ZAX4/LxJmF+7wN74pUD6qAh9/wnvdQcjq9TZjevvXzSUo7bfmw91saqMjzGS2xq91/odN2dW/WOl7qQHNDGA==

raw-body@^2.2.0:
  version "2.3.3"
  resolved "https://registry.yarnpkg.com/raw-body/-/raw-body-2.3.3.tgz#1b324ece6b5706e153855bc1148c65bb7f6ea0c3"
  integrity sha512-9esiElv1BrZoI3rCDuOuKCBRbuApGGaDPQfjSflGxdy4oyzqghxu6klEkkVIvBje+FF0BX9coEv8KqW6X/7njw==
  dependencies:
    bytes "3.0.0"
    http-errors "1.6.3"
    iconv-lite "0.4.23"
    unpipe "1.0.0"

referrer-policy@1.1.0:
  version "1.1.0"
  resolved "https://registry.yarnpkg.com/referrer-policy/-/referrer-policy-1.1.0.tgz#35774eb735bf50fb6c078e83334b472350207d79"
  integrity sha1-NXdOtzW/UPtsB46DM0tHI1AgfXk=

regexp-clone@0.0.1:
  version "0.0.1"
  resolved "https://registry.yarnpkg.com/regexp-clone/-/regexp-clone-0.0.1.tgz#a7c2e09891fdbf38fbb10d376fb73003e68ac589"
  integrity sha1-p8LgmJH9vzj7sQ03b7cwA+aKxYk=

require_optional@^1.0.1:
  version "1.0.1"
  resolved "https://registry.yarnpkg.com/require_optional/-/require_optional-1.0.1.tgz#4cf35a4247f64ca3df8c2ef208cc494b1ca8fc2e"
  integrity sha512-qhM/y57enGWHAe3v/NcwML6a3/vfESLe/sGM2dII+gEO0BpKRUkWZow/tyloNqJyN6kXSl3RyyM8Ll5D/sJP8g==
  dependencies:
    resolve-from "^2.0.0"
    semver "^5.1.0"

resolve-from@^2.0.0:
  version "2.0.0"
  resolved "https://registry.yarnpkg.com/resolve-from/-/resolve-from-2.0.0.tgz#9480ab20e94ffa1d9e80a804c7ea147611966b57"
  integrity sha1-lICrIOlP+h2egKgEx+oUdhGWa1c=

resolve-path@^1.4.0:
  version "1.4.0"
  resolved "https://registry.yarnpkg.com/resolve-path/-/resolve-path-1.4.0.tgz#c4bda9f5efb2fce65247873ab36bb4d834fe16f7"
  integrity sha1-xL2p9e+y/OZSR4c6s2u02DT+Fvc=
  dependencies:
    http-errors "~1.6.2"
    path-is-absolute "1.0.1"

safe-buffer@5.1.2, safe-buffer@^5.0.1, safe-buffer@^5.1.2:
  version "5.1.2"
  resolved "https://registry.yarnpkg.com/safe-buffer/-/safe-buffer-5.1.2.tgz#991ec69d296e0313747d59bdfd2b745c35f8828d"
  integrity sha512-Gd2UZBJDkXlY7GbJxfsE8/nvKkUEU1G38c1siN6QP6a9PT9MmHB8GnpscSmMJSoF8LOIrt8ud/wPtojys4G6+g==

"safer-buffer@>= 2.1.2 < 3":
  version "2.1.2"
  resolved "https://registry.yarnpkg.com/safer-buffer/-/safer-buffer-2.1.2.tgz#44fa161b0187b9549dd84bb91802f9bd8385cd6a"
  integrity sha512-YZo3K82SD7Riyi0E1EQPojLz7kpepnSQI9IyPbHHg1XXXevb5dJI7tpyN2ADxGcQbHG7vcyRHk0cbwqcQriUtg==

saslprep@^1.0.0:
  version "1.0.2"
  resolved "https://registry.yarnpkg.com/saslprep/-/saslprep-1.0.2.tgz#da5ab936e6ea0bbae911ffec77534be370c9f52d"
  integrity sha512-4cDsYuAjXssUSjxHKRe4DTZC0agDwsCqcMqtJAQPzC74nJ7LfAJflAtC1Zed5hMzEQKj82d3tuzqdGNRsLJ4Gw==
  dependencies:
    sparse-bitfield "^3.0.3"

semver@^5.1.0:
  version "5.6.0"
  resolved "https://registry.yarnpkg.com/semver/-/semver-5.6.0.tgz#7e74256fbaa49c75aa7c7a205cc22799cac80004"
  integrity sha512-RS9R6R35NYgQn++fkDWaOmqGoj4Ek9gGs+DPxNUZKuwE183xjJroKvyo1IzVFeXvUrvmALy6FWD5xrdJT25gMg==

setprototypeof@1.1.0:
  version "1.1.0"
  resolved "https://registry.yarnpkg.com/setprototypeof/-/setprototypeof-1.1.0.tgz#d0bd85536887b6fe7c0d818cb962d9d91c54e656"
  integrity sha512-BvE/TwpZX4FXExxOxZyRGQQv651MSwmWKZGqvmPcRIjDqWub67kTKuIMx43cZZrS/cBBzwBcNDWoFxt2XEFIpQ==

sliced@1.0.1:
  version "1.0.1"
  resolved "https://registry.yarnpkg.com/sliced/-/sliced-1.0.1.tgz#0b3a662b5d04c3177b1926bea82b03f837a2ef41"
  integrity sha1-CzpmK10Ewxd7GSa+qCsD+Dei70E=

sparse-bitfield@^3.0.3:
  version "3.0.3"
  resolved "https://registry.yarnpkg.com/sparse-bitfield/-/sparse-bitfield-3.0.3.tgz#ff4ae6e68656056ba4b3e792ab3334d38273ca11"
  integrity sha1-/0rm5oZWBWuks+eSqzM004JzyhE=
  dependencies:
    memory-pager "^1.0.2"

"statuses@>= 1.4.0 < 2", "statuses@>= 1.5.0 < 2", statuses@^1.5.0:
  version "1.5.0"
  resolved "https://registry.yarnpkg.com/statuses/-/statuses-1.5.0.tgz#161c7dac177659fd9811f43771fa99381478628c"
  integrity sha1-Fhx9rBd2Wf2YEfQ3cfqZOBR4Yow=

supervisor@^0.12.0:
  version "0.12.0"
  resolved "https://registry.yarnpkg.com/supervisor/-/supervisor-0.12.0.tgz#de7e6337015b291851c10f3538c4a7f04917ecc1"
  integrity sha1-3n5jNwFbKRhRwQ81OMSn8EkX7ME=

supports-color@5.4.0:
  version "5.4.0"
  resolved "https://registry.yarnpkg.com/supports-color/-/supports-color-5.4.0.tgz#1c6b337402c2137605efe19f10fec390f6faab54"
  integrity sha512-zjaXglF5nnWpsq470jSv6P9DwPvgLkuapYmfDm3JWOm0vkNTVF2tI4UrN2r6jH1qM/uc/WtxYY1hYoA2dOKj5w==
  dependencies:
    has-flag "^3.0.0"

thenify-all@^1.0.0:
  version "1.6.0"
  resolved "https://registry.yarnpkg.com/thenify-all/-/thenify-all-1.6.0.tgz#1a1918d402d8fc3f98fbf234db0bcc8cc10e9726"
  integrity sha1-GhkY1ALY/D+Y+/I02wvMjMEOlyY=
  dependencies:
    thenify ">= 3.1.0 < 4"

"thenify@>= 3.1.0 < 4":
  version "3.3.0"
  resolved "https://registry.yarnpkg.com/thenify/-/thenify-3.3.0.tgz#e69e38a1babe969b0108207978b9f62b88604839"
  integrity sha1-5p44obq+lpsBCCB5eLn2K4hgSDk=
  dependencies:
    any-promise "^1.0.0"

toidentifier@1.0.0:
  version "1.0.0"
  resolved "https://registry.yarnpkg.com/toidentifier/-/toidentifier-1.0.0.tgz#7e1be3470f1e77948bc43d94a3c8f4d7752ba553"
  integrity sha512-yaOH/Pk/VEhBWWTlhI+qXxDFXlejDGcQipMlyxda9nthulaxLZUNcUqFxokp0vcYnvteJln5FNQDRrxj3YcbVw==

type-is@^1.6.14, type-is@^1.6.16:
  version "1.6.16"
  resolved "https://registry.yarnpkg.com/type-is/-/type-is-1.6.16.tgz#f89ce341541c672b25ee7ae3c73dee3b2be50194"
  integrity sha512-HRkVv/5qY2G6I8iab9cI7v1bOIdhm94dVjQCPFElW9W+3GeDOSHmy2EBYe4VTApuzolPcmgFTN3ftVJRKR2J9Q==
  dependencies:
    media-typer "0.3.0"
    mime-types "~2.1.18"

unpipe@1.0.0:
  version "1.0.0"
  resolved "https://registry.yarnpkg.com/unpipe/-/unpipe-1.0.0.tgz#b2bf4ee8514aae6165b4817829d21b2ef49904ec"
  integrity sha1-sr9O6FFKrmFltIF4KdIbLvSZBOw=

urijs@^1.19.0:
  version "1.19.1"
  resolved "https://registry.yarnpkg.com/urijs/-/urijs-1.19.1.tgz#5b0ff530c0cbde8386f6342235ba5ca6e995d25a"
  integrity sha512-xVrGVi94ueCJNrBSTjWqjvtgvl3cyOTThp2zaMaFNGp3F542TR6sM3f2o8RqZl+AwteClSVmoCyt0ka4RjQOQg==

vary@^1.1.2:
  version "1.1.2"
  resolved "https://registry.yarnpkg.com/vary/-/vary-1.1.2.tgz#2299f02c6ded30d4a5961b0b9f74524a18f634fc"
  integrity sha1-IpnwLG3tMNSllhsLn3RSShj2NPw=

wrappy@1:
  version "1.0.2"
  resolved "https://registry.yarnpkg.com/wrappy/-/wrappy-1.0.2.tgz#b5243d8f3ec1aa35f1364605bc0d1036e30ab69f"
  integrity sha1-tSQ9jz7BqjXxNkYFvA0QNuMKtp8=

x-xss-protection@1.1.0:
  version "1.1.0"
  resolved "https://registry.yarnpkg.com/x-xss-protection/-/x-xss-protection-1.1.0.tgz#4f1898c332deb1e7f2be1280efb3e2c53d69c1a7"
  integrity sha512-rx3GzJlgEeZ08MIcDsU2vY2B1QEriUKJTSiNHHUIem6eg9pzVOr2TL3Y4Pd6TMAM5D5azGjcxqI62piITBDHVg==

ylru@^1.2.0:
  version "1.2.1"
  resolved "https://registry.yarnpkg.com/ylru/-/ylru-1.2.1.tgz#f576b63341547989c1de7ba288760923b27fe84f"
  integrity sha512-faQrqNMzcPCHGVC2aaOINk13K+aaBDUPjGWl0teOXywElLjyVAB6Oe2jj62jHYtwsU49jXhScYbvPENK+6zAvQ==
